Microsoft Visual Studio Solution File, Format Version 12.00
# Visual Studio 2012
Project("{FAE04EC0-301F-11D3-BF4B-00C04F79EFBC}") = "project4", "project4.csproj", "{098F07F5-5F31-4F43-B18C-82861EBCD1EE}"
EndProject
Global
	GlobalSection(SolutionConfigurationPlatforms) = preSolution
	Debug|Any CPU = Debug|Any CPU
	ExportDebug|Any CPU = ExportDebug|Any CPU
	ExportRelease|Any CPU = ExportRelease|Any CPU
	EndGlobalSection
	GlobalSection(ProjectConfigurationPlatforms) = postSolution
		{098F07F5-5F31-4F43-B18C-82861EBCD1EE}.Debug|Any CPU.ActiveCfg = Debug|Any CPU
		{098F07F5-5F31-4F43-B18C-82861EBCD1EE}.Debug|Any CPU.Build.0 = Debug|Any CPU
		{098F07F5-5F31-4F43-B18C-82861EBCD1EE}.ExportDebug|Any CPU.ActiveCfg = ExportDebug|Any CPU
		{098F07F5-5F31-4F43-B18C-82861EBCD1EE}.ExportDebug|Any CPU.Build.0 = ExportDebug|Any CPU
		{098F07F5-5F31-4F43-B18C-82861EBCD1EE}.ExportRelease|Any CPU.ActiveCfg = ExportRelease|Any CPU
		{098F07F5-5F31-4F43-B18C-82861EBCD1EE}.ExportRelease|Any CPU.Build.0 = ExportRelease|Any CPU
	EndGlobalSection
EndGlobal
